// !$*UTF8*$!
{
	archiveVersion = 1;
	classes = {
	};
	objectVersion = 50;
	objects = {

/* Begin PBXBuildFile section */
		00BFC216281BF49F006A335F /* AppDelegate.swift in Sources */ = {isa = PBXBuildFile; fileRef = 00BFC215281BF49F006A335F /* AppDelegate.swift */; };
		00BFC218281BF49F006A335F /* SceneDelegate.swift in Sources */ = {isa = PBXBuildFile; fileRef = 00BFC217281BF49F006A335F /* SceneDelegate.swift */; };
		00BFC21A281BF49F006A335F /* ViewController.swift in Sources */ = {isa = PBXBuildFile; fileRef = 00BFC219281BF49F006A335F /* ViewController.swift */; };
		00BFC21D281BF49F006A335F /* Main.storyboard in Resources */ = {isa = PBXBuildFile; fileRef = 00BFC21B281BF49F006A335F /* Main.storyboard */; };
		00BFC21F281BF4A1006A335F /* Assets.xcassets in Resources */ = {isa = PBXBuildFile; fileRef = 00BFC21E281BF4A1006A335F /* Assets.xcassets */; };
		00BFC222281BF4A1006A335F /* LaunchScreen.storyboard in Resources */ = {isa = PBXBuildFile; fileRef = 00BFC220281BF4A1006A335F /* LaunchScreen.storyboard */; };
		00BFC22D281BF4A1006A335F /* Sample_projectTests.swift in Sources */ = {isa = PBXBuildFile; fileRef = 00BFC22C281BF4A1006A335F /* Sample_projectTests.swift */; };
		00BFC238281BF4A2006A335F /* Sample_projectUITests.swift in Sources */ = {isa = PBXBuildFile; fileRef = 00BFC237281BF4A2006A335F /* Sample_projectUITests.swift */; };
/* End PBXBuildFile section */

/* Begin PBXContainerItemProxy section */
		00BFC229281BF4A1006A335F /* PBXContainerItemProxy */ = {
			isa = PBXContainerItemProxy;
			containerPortal = 00BFC20A281BF49F006A335F /* Project object */;
			proxyType = 1;
			remoteGlobalIDString = 00BFC211281BF49F006A335F;
			remoteInfo = "Sample project";
		};
		00BFC234281BF4A2006A335F /* PBXContainerItemProxy */ = {
			isa = PBXContainerItemProxy;
			containerPortal = 00BFC20A281BF49F006A335F /* Project object */;
			proxyType = 1;
			remoteGlobalIDString = 00BFC211281BF49F006A335F;
			remoteInfo = "Sample project";
		};
/* End PBXContainerItemProxy section */

/* Begin PBXFileReference section */
		00BFC212281BF49F006A335F /* Sample project.app */ = {isa = PBXFileReference; explicitFileType = wrapper.application; includeInIndex = 0; path = "Sample project.app"; sourceTree = BUILT_PRODUCTS_DIR; };
		00BFC215281BF49F006A335F /* AppDelegate.swift */ = {isa = PBXFileReference; lastKnownFileType = sourcecode.swift; path = AppDelegate.swift; sourceTree = "<group>"; };
		00BFC217281BF49F006A335F /* SceneDelegate.swift */ = {isa = PBXFileReference; lastKnownFileType = sourcecode.swift; path = SceneDelegate.swift; sourceTree = "<group>"; };
		00BFC219281BF49F006A335F /* ViewController.swift */ = {isa = PBXFileReference; lastKnownFileType = sourcecode.swift; path = ViewController.swift; sourceTree = "<group>"; };
		00BFC21C281BF49F006A335F /* Base */ = {isa = PBXFileReference; lastKnownFileType = file.storyboard; name = Base; path = Base.lproj/Main.storyboard; sourceTree = "<group>"; };
		00BFC21E281BF4A1006A335F /* Assets.xcassets */ = {isa = PBXFileReference; lastKnownFileType = folder.assetcatalog; path = Assets.xcassets; sourceTree = "<group>"; };
		00BFC221281BF4A1006A335F /* Base */ = {isa = PBXFileReference; lastKnownFileType = file.storyboard; name = Base; path = Base.lproj/LaunchScreen.storyboard; sourceTree = "<group>"; };
		00BFC223281BF4A1006A335F /* Info.plist */ = {isa = PBXFileReference; lastKnownFileType = text.plist.xml; path = Info.plist; sourceTree = "<group>"; };
		00BFC228281BF4A1006A335F /* Sample projectTests.xctest */ = {isa = PBXFileReference; explicitFileType = wrapper.cfbundle; includeInIndex = 0; path = "Sample projectTests.xctest"; sourceTree = BUILT_PRODUCTS_DIR; };
		00BFC22C281BF4A1006A335F /* Sample_projectTests.swift */ = {isa = PBXFileReference; lastKnownFileType = sourcecode.swift; path = Sample_projectTests.swift; sourceTree = "<group>"; };
		00BFC22E281BF4A1006A335F /* Info.plist */ = {isa = PBXFileReference; lastKnownFileType = text.plist.xml; path = Info.plist; sourceTree = "<group>"; };
		00BFC233281BF4A2006A335F /* Sample projectUITests.xctest */ = {isa = PBXFileReference; explicitFileType = wrapper.cfbundle; includeInIndex = 0; path = "Sample projectUITests.xctest"; sourceTree = BUILT_PRODUCTS_DIR; };
		00BFC237281BF4A2006A335F /* Sample_projectUITests.swift */ = {isa = PBXFileReference; lastKnownFileType = sourcecode.swift; path = Sample_projectUITests.swift; sourceTree = "<group>"; };
		00BFC239281BF4A2006A335F /* Info.plist */ = {isa = PBXFileReference; lastKnownFileType = text.plist.xml; path = Info.plist; sourceTree = "<group>"; };
/* End PBXFileReference section */

/* Begin PBXFrameworksBuildPhase section */
		00BFC20F281BF49F006A335F /* Frameworks */ = {
			isa = PBXFrameworksBuildPhase;
			buildActionMask = 2147483647;
			files = (
			);
			runOnlyForDeploymentPostprocessing = 0;
		};
		00BFC225281BF4A1006A335F /* Frameworks */ = {
			isa = PBXFrameworksBuildPhase;
			buildActionMask = 2147483647;
			files = (
			);
			runOnlyForDeploymentPostprocessing = 0;
		};
		00BFC230281BF4A2006A335F /* Frameworks */ = {
			isa = PBXFrameworksBuildPhase;
			buildActionMask = 2147483647;
			files = (
			);
			runOnlyForDeploymentPostprocessing = 0;
		};
/* End PBXFrameworksBuildPhase section */

/* Begin PBXGroup section */
		00BFC209281BF49F006A335F = {
			isa = PBXGroup;
			children = (
				00BFC214281BF49F006A335F /* Sample project */,
				00BFC22B281BF4A1006A335F /* Sample projectTests */,
				00BFC236281BF4A2006A335F /* Sample projectUITests */,
				00BFC213281BF49F006A335F /* Products */,
			);
			sourceTree = "<group>";
		};
		00BFC213281BF49F006A335F /* Products */ = {
			isa = PBXGroup;
			children = (
				00BFC212281BF49F006A335F /* Sample project.app */,
				00BFC228281BF4A1006A335F /* Sample projectTests.xctest */,
				00BFC233281BF4A2006A335F /* Sample projectUITests.xctest */,
			);
			name = Products;
			sourceTree = "<group>";
		};
		00BFC214281BF49F006A335F /* Sample project */ = {
			isa = PBXGroup;
			children = (
				00BFC215281BF49F006A335F /* AppDelegate.swift */,
				00BFC217281BF49F006A335F /* SceneDelegate.swift */,
				00BFC219281BF49F006A335F /* ViewController.swift */,
				00BFC21B281BF49F006A335F /* Main.storyboard */,
				00BFC21E281BF4A1006A335F /* Assets.xcassets */,
				00BFC220281BF4A1006A335F /* LaunchScreen.storyboard */,
				00BFC223281BF4A1006A335F /* Info.plist */,
			);
			path = "Sample project";
			sourceTree = "<group>";
		};
		00BFC22B281BF4A1006A335F /* Sample projectTests */ = {
			isa = PBXGroup;
			children = (
				00BFC22C281BF4A1006A335F /* Sample_projectTests.swift */,
				00BFC22E281BF4A1006A335F /* Info.plist */,
			);
			path = "Sample projectTests";
			sourceTree = "<group>";
		};
		00BFC236281BF4A2006A335F /* Sample projectUITests */ = {
			isa = PBXGroup;
			children = (
				00BFC237281BF4A2006A335F /* Sample_projectUITests.swift */,
				00BFC239281BF4A2006A335F /* Info.plist */,
			);
			path = "Sample projectUITests";
			sourceTree = "<group>";
		};
/* End PBXGroup section */

/* Begin PBXNativeTarget section */
		00BFC211281BF49F006A335F /* Sample project */ = {
			isa = PBXNativeTarget;
			buildConfigurationList = 00BFC23C281BF4A2006A335F /* Build configuration list for PBXNativeTarget "Sample project" */;
			buildPhases = (
				00BFC20E281BF49F006A335F /* Sources */,
				00BFC20F281BF49F006A335F /* Frameworks */,
				00BFC210281BF49F006A335F /* Resources */,
			);
			buildRules = (
			);
			dependencies = (
			);
			name = "Sample project";
			productName = "Sample project";
			productReference = 00BFC212281BF49F006A335F /* Sample project.app */;
			productType = "com.apple.product-type.application";
		};
		00BFC227281BF4A1006A335F /* Sample projectTests */ = {
			isa = PBXNativeTarget;
			buildConfigurationList = 00BFC23F281BF4A2006A335F /* Build configuration list for PBXNativeTarget "Sample projectTests" */;
			buildPhases = (
				00BFC224281BF4A1006A335F /* Sources */,
				00BFC225281BF4A1006A335F /* Frameworks */,
				00BFC226281BF4A1006A335F /* Resources */,
			);
			buildRules = (
			);
			dependencies = (
				00BFC22A281BF4A1006A335F /* PBXTargetDependency */,
			);
			name = "Sample projectTests";
			productName = "Sample projectTests";
			productReference = 00BFC228281BF4A1006A335F /* Sample projectTests.xctest */;
			productType = "com.apple.product-type.bundle.unit-test";
		};
		00BFC232281BF4A2006A335F /* Sample projectUITests */ = {
			isa = PBXNativeTarget;
			buildConfigurationList = 00BFC242281BF4A2006A335F /* Build configuration list for PBXNativeTarget "Sample projectUITests" */;
			buildPhases = (
				00BFC22F281BF4A2006A335F /* Sources */,
				00BFC230281BF4A2006A335F /* Frameworks */,
				00BFC231281BF4A2006A335F /* Resources */,
			);
			buildRules = (
			);
			dependencies = (
				00BFC235281BF4A2006A335F /* PBXTargetDependency */,
			);
			name = "Sample projectUITests";
			productName = "Sample projectUITests";
			productReference = 00BFC233281BF4A2006A335F /* Sample projectUITests.xctest */;
			productType = "com.apple.product-type.bundle.ui-testing";
		};
/* End PBXNativeTarget section */

/* Begin PBXProject section */
		00BFC20A281BF49F006A335F /* Project object */ = {
			isa = PBXProject;
			attributes = {
				LastSwiftUpdateCheck = 1100;
				LastUpgradeCheck = 1100;
				ORGANIZATIONNAME = "Mobile Programming";
				TargetAttributes = {
					00BFC211281BF49F006A335F = {
						CreatedOnToolsVersion = 11.0;
					};
					00BFC227281BF4A1006A335F = {
						CreatedOnToolsVersion = 11.0;
						TestTargetID = 00BFC211281BF49F006A335F;
					};
					00BFC232281BF4A2006A335F = {
						CreatedOnToolsVersion = 11.0;
						TestTargetID = 00BFC211281BF49F006A335F;
					};
				};
			};
			buildConfigurationList = 00BFC20D281BF49F006A335F /* Build configuration list for PBXProject "Sample project" */;
			compatibilityVersion = "Xcode 9.3";
			developmentRegion = en;
			hasScannedForEncodings = 0;
			knownRegions = (
				en,
				Base,
			);
			mainGroup = 00BFC209281BF49F006A335F;
			productRefGroup = 00BFC213281BF49F006A335F /* Products */;
			projectDirPath = "";
			projectRoot = "";
			targets = (
				00BFC211281BF49F006A335F /* Sample project */,
				00BFC227281BF4A1006A335F /* Sample projectTests */,
				00BFC232281BF4A2006A335F /* Sample projectUITests */,
			);
		};
/* End PBXProject section */

/* Begin PBXResourcesBuildPhase section */
		00BFC210281BF49F006A335F /* Resources */ = {
			isa = PBXResourcesBuildPhase;
			buildActionMask = 2147483647;
			files = (
				00BFC222281BF4A1006A335F /* LaunchScreen.storyboard in Resources */,
				00BFC21F281BF4A1006A335F /* Assets.xcassets in Resources */,
				00BFC21D281BF49F006A335F /* Main.storyboard in Resources */,
			);
			runOnlyForDeploymentPostprocessing = 0;
		};
		00BFC226281BF4A1006A335F /* Resources */ = {
			isa = PBXResourcesBuildPhase;
			buildActionMask = 2147483647;
			files = (
			);
			runOnlyForDeploymentPostprocessing = 0;
		};
		00BFC231281BF4A2006A335F /* Resources */ = {
			isa = PBXResourcesBuildPhase;
			buildActionMask = 2147483647;
			files = (
			);
			runOnlyForDeploymentPostprocessing = 0;
		};
/* End PBXResourcesBuildPhase section */

/* Begin PBXSourcesBuildPhase section */
		00BFC20E281BF49F006A335F /* Sources */ = {
			isa = PBXSourcesBuildPhase;
			buildActionMask = 2147483647;
			files = (
				00BFC21A281BF49F006A335F /* ViewController.swift in Sources */,
				00BFC216281BF49F006A335F /* AppDelegate.swift in Sources */,
				00BFC218281BF49F006A335F /* SceneDelegate.swift in Sources */,
			);
			runOnlyForDeploymentPostprocessing = 0;
		};
		00BFC224281BF4A1006A335F /* Sources */ = {
			isa = PBXSourcesBuildPhase;
			buildActionMask = 2147483647;
			files = (
				00BFC22D281BF4A1006A335F /* Sample_projectTests.swift in Sources */,
			);
			runOnlyForDeploymentPostprocessing = 0;
		};
		00BFC22F281BF4A2006A335F /* Sources */ = {
			isa = PBXSourcesBuildPhase;
			buildActionMask = 2147483647;
			files = (
				00BFC238281BF4A2006A335F /* Sample_projectUITests.swift in Sources */,
			);
			runOnlyForDeploymentPostprocessing = 0;
		};
/* End PBXSourcesBuildPhase section */

/* Begin PBXTargetDependency section */
		00BFC22A281BF4A1006A335F /* PBXTargetDependency */ = {
			isa = PBXTargetDependency;
			target = 00BFC211281BF49F006A335F /* Sample project */;
			targetProxy = 00BFC229281BF4A1006A335F /* PBXContainerItemProxy */;
		};
		00BFC235281BF4A2006A335F /* PBXTargetDependency */ = {
			isa = PBXTargetDependency;
			target = 00BFC211281BF49F006A335F /* Sample project */;
			targetProxy = 00BFC234281BF4A2006A335F /* PBXContainerItemProxy */;
		};
/* End PBXTargetDependency section */

/* Begin PBXVariantGroup section */
		00BFC21B281BF49F006A335F /* Main.storyboard */ = {
			isa = PBXVariantGroup;
			children = (
				00BFC21C281BF49F006A335F /* Base */,
			);
			name = Main.storyboard;
			sourceTree = "<group>";
		};
		00BFC220281BF4A1006A335F /* LaunchScreen.storyboard */ = {
			isa = PBXVariantGroup;
			children = (
				00BFC221281BF4A1006A335F /* Base */,
			);
			name = LaunchScreen.storyboard;
			sourceTree = "<group>";
		};
/* End PBXVariantGroup section */

/* Begin XCBuildConfiguration section */
		00BFC23A281BF4A2006A335F /* Debug */ = {
			isa = XCBuildConfiguration;
			buildSettings = {
				ALWAYS_SEARCH_USER_PATHS = NO;
				CLANG_ANALYZER_NONNULL = YES;
				CLANG_ANALYZER_NUMBER_OBJECT_CONVERSION = YES_AGGRESSIVE;
				CLANG_CXX_LANGUAGE_STANDARD = "gnu++14";
				CLANG_CXX_LIBRARY = "libc++";
				CLANG_ENABLE_MODULES = YES;
				CLANG_ENABLE_OBJC_ARC = YES;
				CLANG_ENABLE_OBJC_WEAK = YES;
				CLANG_WARN_BLOCK_CAPTURE_AUTORELEASING = YES;
				CLANG_WARN_BOOL_CONVERSION = YES;
				CLANG_WARN_COMMA = YES;
				CLANG_WARN_CONSTANT_CONVERSION = YES;
				CLANG_WARN_DEPRECATED_OBJC_IMPLEMENTATIONS = YES;
				CLANG_WARN_DIRECT_OBJC_ISA_USAGE = YES_ERROR;
				CLANG_WARN_DOCUMENTATION_COMMENTS = YES;
				CLANG_WARN_EMPTY_BODY = YES;
				CLANG_WARN_ENUM_CONVERSION = YES;
				CLANG_WARN_INFINITE_RECURSION = YES;
				CLANG_WARN_INT_CONVERSION = YES;
				CLANG_WARN_NON_LITERAL_NULL_CONVERSION = YES;
				CLANG_WARN_OBJC_IMPLICIT_RETAIN_SELF = YES;
				CLANG_WARN_OBJC_LITERAL_CONVERSION = YES;
				CLANG_WARN_OBJC_ROOT_CLASS = YES_ERROR;
				CLANG_WARN_RANGE_LOOP_ANALYSIS = YES;
				CLANG_WARN_STRICT_PROTOTYPES = YES;
				CLANG_WARN_SUSPICIOUS_MOVE = YES;
				CLANG_WARN_UNGUARDED_AVAILABILITY = YES_AGGRESSIVE;
				CLANG_WARN_UNREACHABLE_CODE = YES;
				CLANG_WARN__DUPLICATE_METHOD_MATCH = YES;
				COPY_PHASE_STRIP = NO;
				DEBUG_INFORMATION_FORMAT = dwarf;
				ENABLE_STRICT_OBJC_MSGSEND = YES;
				ENABLE_TESTABILITY = YES;
				GCC_C_LANGUAGE_STANDARD = gnu11;
				GCC_DYNAMIC_NO_PIC = NO;
				GCC_NO_COMMON_BLOCKS = YES;
				GCC_OPTIMIZATION_LEVEL = 0;
				GCC_PREPROCESSOR_DEFINITIONS = (
					"DEBUG=1",
					"$(inherited)",
				);
				GCC_WARN_64_TO_32_BIT_CONVERSION = YES;
				GCC_WARN_ABOUT_RETURN_TYPE = YES_ERROR;
				GCC_WARN_UNDECLARED_SELECTOR = YES;
				GCC_WARN_UNINITIALIZED_AUTOS = YES_AGGRESSIVE;
				GCC_WARN_UNUSED_FUNCTION = YES;
				GCC_WARN_UNUSED_VARIABLE = YES;
				IPHONEOS_DEPLOYMENT_TARGET = 13.0;
				MTL_ENABLE_DEBUG_INFO = INCLUDE_SOURCE;
				MTL_FAST_MATH = YES;
				ONLY_ACTIVE_ARCH = YES;
				SDKROOT = iphoneos;
				SWIFT_ACTIVE_COMPILATION_CONDITIONS = DEBUG;
				SWIFT_OPTIMIZATION_LEVEL = "-Onone";
			};
			name = Debug;
		};
		00BFC23B281BF4A2006A335F /* Release */ = {
			isa = XCBuildConfiguration;
			buildSettings = {
				ALWAYS_SEARCH_USER_PATHS = NO;
				CLANG_ANALYZER_NONNULL = YES;
				CLANG_ANALYZER_NUMBER_OBJECT_CONVERSION = YES_AGGRESSIVE;
				CLANG_CXX_LANGUAGE_STANDARD = "gnu++14";
				CLANG_CXX_LIBRARY = "libc++";
				CLANG_ENABLE_MODULES = YES;
				CLANG_ENABLE_OBJC_ARC = YES;
				CLANG_ENABLE_OBJC_WEAK = YES;
				CLANG_WARN_BLOCK_CAPTURE_AUTORELEASING = YES;
				CLANG_WARN_BOOL_CONVERSION = YES;
				CLANG_WARN_COMMA = YES;
				CLANG_WARN_CONSTANT_CONVERSION = YES;
				CLANG_WARN_DEPRECATED_OBJC_IMPLEMENTATIONS = YES;
				CLANG_WARN_DIRECT_OBJC_ISA_USAGE = YES_ERROR;
				CLANG_WARN_DOCUMENTATION_COMMENTS = YES;
				CLANG_WARN_EMPTY_BODY = YES;
				CLANG_WARN_ENUM_CONVERSION = YES;
				CLANG_WARN_INFINITE_RECURSION = YES;
				CLANG_WARN_INT_CONVERSION = YES;
				CLANG_WARN_NON_LITERAL_NULL_CONVERSION = YES;
				CLANG_WARN_OBJC_IMPLICIT_RETAIN_SELF = YES;
				CLANG_WARN_OBJC_LITERAL_CONVERSION = YES;
				CLANG_WARN_OBJC_ROOT_CLASS = YES_ERROR;
				CLANG_WARN_RANGE_LOOP_ANALYSIS = YES;
				CLANG_WARN_STRICT_PROTOTYPES = YES;
				CLANG_WARN_SUSPICIOUS_MOVE = YES;
				CLANG_WARN_UNGUARDED_AVAILABILITY = YES_AGGRESSIVE;
				CLANG_WARN_UNREACHABLE_CODE = YES;
				CLANG_WARN__DUPLICATE_METHOD_MATCH = YES;
				COPY_PHASE_STRIP = NO;
				DEBUG_INFORMATION_FORMAT = "dwarf-with-dsym";
				ENABLE_NS_ASSERTIONS = NO;
				ENABLE_STRICT_OBJC_MSGSEND = YES;
				GCC_C_LANGUAGE_STANDARD = gnu11;
				GCC_NO_COMMON_BLOCKS = YES;
				GCC_WARN_64_TO_32_BIT_CONVERSION = YES;
				GCC_WARN_ABOUT_RETURN_TYPE = YES_ERROR;
				GCC_WARN_UNDECLARED_SELECTOR = YES;
				GCC_WARN_UNINITIALIZED_AUTOS = YES_AGGRESSIVE;
				GCC_WARN_UNUSED_FUNCTION = YES;
				GCC_WARN_UNUSED_VARIABLE = YES;
				IPHONEOS_DEPLOYMENT_TARGET = 13.0;
				MTL_ENABLE_DEBUG_INFO = NO;
				MTL_FAST_MATH = YES;
				SDKROOT = iphoneos;
				SWIFT_COMPILATION_MODE = wholemodule;
				SWIFT_OPTIMIZATION_LEVEL = "-O";
				VALIDATE_PRODUCT = YES;
			};
			name = Release;
		};
		00BFC23D281BF4A2006A335F /* Debug */ = {
			isa = XCBuildConfiguration;
			buildSettings = {
				ASSETCATALOG_COMPILER_APPICON_NAME = AppIcon;
				CODE_SIGN_STYLE = Automatic;
				INFOPLIST_FILE = "Sample project/Info.plist";
				LD_RUNPATH_SEARCH_PATHS = (
					"$(inherited)",
					"@executable_path/Frameworks",
				);
				PRODUCT_BUNDLE_IDENTIFIER = "com.testing.Sample-project";
				PRODUCT_NAME = "$(TARGET_NAME)";
				SWIFT_VERSION = 5.0;
				TARGETED_DEVICE_FAMILY = "1,2";
			};
			name = Debug;
		};
		00BFC23E281BF4A2006A335F /* Release */ = {
			isa = XCBuildConfiguration;
			buildSettings = {
				ASSETCATALOG_COMPILER_APPICON_NAME = AppIcon;
				CODE_SIGN_STYLE = Automatic;
				INFOPLIST_FILE = "Sample project/Info.plist";
				LD_RUNPATH_SEARCH_PATHS = (
					"$(inherited)",
					"@executable_path/Frameworks",
				);
				PRODUCT_BUNDLE_IDENTIFIER = "com.testing.Sample-project";
				PRODUCT_NAME = "$(TARGET_NAME)";
				SWIFT_VERSION = 5.0;
				TARGETED_DEVICE_FAMILY = "1,2";
			};
			name = Release;
		};
		00BFC240281BF4A2006A335F /* Debug */ = {
			isa = XCBuildConfiguration;
			buildSettings = {
				ALWAYS_EMBED_SWIFT_STANDARD_LIBRARIES = YES;
				BUNDLE_LOADER = "$(TEST_HOST)";
				CODE_SIGN_STYLE = Automatic;
				INFOPLIST_FILE = "Sample projectTests/Info.plist";
				IPHONEOS_DEPLOYMENT_TARGET = 13.0;
				LD_RUNPATH_SEARCH_PATHS = (
					"$(inherited)",
					"@executable_path/Frameworks",
					"@loader_path/Frameworks",
				);
				PRODUCT_BUNDLE_IDENTIFIER = "com.testing.Sample-projectTests";
				PRODUCT_NAME = "$(TARGET_NAME)";
				SWIFT_VERSION = 5.0;
				TARGETED_DEVICE_FAMILY = "1,2";
				TEST_HOST = "$(BUILT_PRODUCTS_DIR)/Sample project.app/Sample project";
			};
			name = Debug;
		};
		00BFC241281BF4A2006A335F /* Release */ = {
			isa = XCBuildConfiguration;
			buildSettings = {
				ALWAYS_EMBED_SWIFT_STANDARD_LIBRARIES = YES;
				BUNDLE_LOADER = "$(TEST_HOST)";
				CODE_SIGN_STYLE = Automatic;
				INFOPLIST_FILE = "Sample projectTests/Info.plist";
				IPHONEOS_DEPLOYMENT_TARGET = 13.0;
				LD_RUNPATH_SEARCH_PATHS = (
					"$(inherited)",
					"@executable_path/Frameworks",
					"@loader_path/Frameworks",
				);
				PRODUCT_BUNDLE_IDENTIFIER = "com.testing.Sample-projectTests";
				PRODUCT_NAME = "$(TARGET_NAME)";
				SWIFT_VERSION = 5.0;
				TARGETED_DEVICE_FAMILY = "1,2";
				TEST_HOST = "$(BUILT_PRODUCTS_DIR)/Sample project.app/Sample project";
			};
			name = Release;
		};
		00BFC243281BF4A2006A335F /* Debug */ = {
			isa = XCBuildConfiguration;
			buildSettings = {
				ALWAYS_EMBED_SWIFT_STANDARD_LIBRARIES = YES;
				CODE_SIGN_STYLE = Automatic;
				INFOPLIST_FILE = "Sample projectUITests/Info.plist";
				LD_RUNPATH_SEARCH_PATHS = (
					"$(inherited)",
					"@executable_path/Frameworks",
					"@loader_path/Frameworks",
				);
				PRODUCT_BUNDLE_IDENTIFIER = "com.testing.Sample-projectUITests";
				PRODUCT_NAME = "$(TARGET_NAME)";
				SWIFT_VERSION = 5.0;
				TARGETED_DEVICE_FAMILY = "1,2";
				TEST_TARGET_NAME = "Sample project";
			};
			name = Debug;
		};
		00BFC244281BF4A2006A335F /* Release */ = {
			isa = XCBuildConfiguration;
			buildSettings = {
				ALWAYS_EMBED_SWIFT_STANDARD_LIBRARIES = YES;
				CODE_SIGN_STYLE = Automatic;
				INFOPLIST_FILE = "Sample projectUITests/Info.plist";
				LD_RUNPATH_SEARCH_PATHS = (
					"$(inherited)",
					"@executable_path/Frameworks",
					"@loader_path/Frameworks",
				);
				PRODUCT_BUNDLE_IDENTIFIER = "com.testing.Sample-projectUITests";
				PRODUCT_NAME = "$(TARGET_NAME)";
				SWIFT_VERSION = 5.0;
				TARGETED_DEVICE_FAMILY = "1,2";
				TEST_TARGET_NAME = "Sample project";
			};
			name = Release;
		};
/* End XCBuildConfiguration section */

/* Begin XCConfigurationList section */
		00BFC20D281BF49F006A335F /* Build configuration list for PBXProject "Sample project" */ = {
			isa = XCConfigurationList;
			buildConfigurations = (
				00BFC23A281BF4A2006A335F /* Debug */,
				00BFC23B281BF4A2006A335F /* Release */,
			);
			defaultConfigurationIsVisible = 0;
			defaultConfigurationName = Release;
		};
		00BFC23C281BF4A2006A335F /* Build configuration list for PBXNativeTarget "Sample project" */ = {
			isa = XCConfigurationList;
			buildConfigurations = (
				00BFC23D281BF4A2006A335F /* Debug */,
				00BFC23E281BF4A2006A335F /* Release */,
			);
			defaultConfigurationIsVisible = 0;
			defaultConfigurationName = Release;
		};
		00BFC23F281BF4A2006A335F /* Build configuration list for PBXNativeTarget "Sample projectTests" */ = {
			isa = XCConfigurationList;
			buildConfigurations = (
				00BFC240281BF4A2006A335F /* Debug */,
				00BFC241281BF4A2006A335F /* Release */,
			);
			defaultConfigurationIsVisible = 0;
			defaultConfigurationName = Release;
		};
		00BFC242281BF4A2006A335F /* Build configuration list for PBXNativeTarget "Sample projectUITests" */ = {
			isa = XCConfigurationList;
			buildConfigurations = (
				00BFC243281BF4A2006A335F /* Debug */,
				00BFC244281BF4A2006A335F /* Release */,
			);
			defaultConfigurationIsVisible = 0;
			defaultConfigurationName = Release;
		};
/* End XCConfigurationList section */
	};
	rootObject = 00BFC20A281BF49F006A335F /* Project object */;
}
